{
  "requires": true,
  "lockfileVersion": 1,
  "dependencies": {
    "estraverse": {
      "version": "5.1.0",
      "resolved": "https://registry.npmjs.org/estraverse/-/estraverse-5.1.0.tgz",
      "integrity": "sha512-FyohXK+R0vE+y1nHLoBM7ZTyqRpqAlhdZHCWIWEviFLiGB8b04H6bQs8G+XTthacvT8VuwvteiP7RJSxMs8UEw=="
    }
  }
}
