# This file is generated by running "yarn install" inside your project.
# Manual changes might be lost - proceed with caution!

__metadata:
  version: 7
  cacheKey: 9

"@tokenizer/token@npm:^0.3.0":
  version: 0.3.0
  resolution: "@tokenizer/token@npm:0.3.0"
  checksum: 0154f4fecd335fc121f78d1a697d90833943c855be7f39f22012f1ac75f6241b37f07025ad4ce6ec2576730e2253d4ef2698364a20d93b749bcdb393dafed93e
  languageName: node
  linkType: hard

"@vue/tsconfig@npm:0.1.3":
  version: 0.1.3
  resolution: "@vue/tsconfig@npm:0.1.3"
  peerDependencies:
    "@types/node": "*"
  peerDependenciesMeta:
    "@types/node":
      optional: true
  checksum: d086593aea25e7872f28227dec3102d232d47099d16933d483b69ec746ac4dc254b6bd610deeab059d0b8b2d72a0738ee77e4c60f6e8244aedb2e99d633c38d4
  languageName: node
  linkType: hard

"aws-jwt-verify@npm:3.1.0":
  version: 3.1.0
  resolution: "aws-jwt-verify@npm:3.1.0"
  checksum: 7910e4fb3da606bfdb627908d6da02941a5adfc28324b8065e782ba9116eb4ed23bb83fe4d5edc3853897e93ebe1f26719812051459520b2c8187ebf31a2b552
  languageName: node
  linkType: hard

"d3-array@npm:2 - 3":
  version: 3.2.0
  resolution: "d3-array@npm:3.2.0"
  dependencies:
    internmap: "npm:1 - 2"
  checksum: d5856c973d5ab72a57b68f3fa843d527683a9ac26af2684766e07df7f9e663ce3623bc8aed68057c54f7009393e6f15680718526cd05f65f811697e38d3da1a8
  languageName: node
  linkType: hard

"d3-time@npm:3.0.0":
  version: 3.0.0
  resolution: "d3-time@npm:3.0.0"
  dependencies:
    d3-array: "npm:2 - 3"
  checksum: 2e9a13ad045ab5691edbfff633c602673670aabb160c06aa220932cc2512d66cfbce746cbb035ebc5968fccf6072ae89f27026504d972538698870d026987d36
  languageName: node
  linkType: hard

"foo@workspace:*, foo@workspace:foo":
  version: 0.0.0-use.local
  resolution: "foo@workspace:foo"
  languageName: unknown
  linkType: soft

"internmap@npm:1 - 2":
  version: 2.0.3
  resolution: "internmap@npm:2.0.3"
  checksum: 27c28dc08e432d4bb9fc70d74a59536e893d60fcb6b7078a70e8b0fbe1ed7fe8a01c4b4931ff50bbdab3d1411cb6050f5119d4c513dc663b7af2d2076efa56a6
  languageName: node
  linkType: hard

"js-tokens@npm:^3.0.0 || ^4.0.0":
  version: 4.0.0
  resolution: "js-tokens@npm:4.0.0"
  checksum: 47d1c18dc6b9eed4baf1db3d81b36feb95b463201c82ffce0d7a4d65ede596ba97d6ac2468974199705db9ef8a3433606af41fc7bbe7cb25c1dd601785413d9b
  languageName: node
  linkType: hard

"loose-envify@npm:^1.1.0":
  version: 1.4.0
  resolution: "loose-envify@npm:1.4.0"
  dependencies:
    js-tokens: "npm:^3.0.0 || ^4.0.0"
  bin:
    loose-envify: cli.js
  checksum: 39c5fc44c6a8f7f8a92cccf174554fbb307477ef493760407920fdd4ed5f6cc1aec5b6a5ab3c3767ef79547b3e1aea09d8ca08d773232c662d910cfe473a0590
  languageName: node
  linkType: hard

"mime@npm:3.0.0":
  version: 3.0.0
  resolution: "mime@npm:3.0.0"
  bin:
    mime: cli.js
  checksum: b00613ec79e1f14586c970b6651afca77947f972eca6086ccb614c2b7a1a899d0ec38c6f4418370ecb9d0cebeb4ad300999b6b7f2dcbeaf40f9e0d55874b6c81
  languageName: node
  linkType: hard

"peek-readable@npm:^5.0.0":
  version: 5.0.0
  resolution: "peek-readable@npm:5.0.0"
  checksum: 9350acc783b1b01c956e07f1e010d25b7e3f995719fe08d7deb5d2ac782550875ef57006304a566a0cac14e9c5d5ba95c1c09888a79ddf2d8e2682a51e833516
  languageName: node
  linkType: hard

"react-dom@npm:18.2.0":
  version: 18.2.0
  resolution: "react-dom@npm:18.2.0"
  dependencies:
    loose-envify: "npm:^1.1.0"
    scheduler: "npm:^0.23.0"
  peerDependencies:
    react: ^18.2.0
  checksum: 7c5b915fb793d63563cec1f721e059e6ff0e2855ac116ab5cb7450b6c59398f5e25f95c960ce5cb93504cc58ab724a75a78e99282354e702a0e667d0d787d028
  languageName: node
  linkType: hard

"react@npm:18.2.0":
  version: 18.2.0
  resolution: "react@npm:18.2.0"
  dependencies:
    loose-envify: "npm:^1.1.0"
  checksum: 8434e5782c52b3bf18a80b666348977924ee3827895fa03ec3ffb9faca90c460049f14130428dd1546bab6cf3b2c277f2c243d3c2a856501331d2e69c24b2bb9
  languageName: node
  linkType: hard

"root-workspace-0b6124@workspace:.":
  version: 0.0.0-use.local
  resolution: "root-workspace-0b6124@workspace:."
  dependencies:
    "@vue/tsconfig": "npm:0.1.3"
    aws-jwt-verify: "npm:3.1.0"
    d3-time: "npm:3.0.0"
    foo: "workspace:*"
    mime: "npm:3.0.0"
    react: "npm:18.2.0"
    react-dom: "npm:18.2.0"
    strtok3: "npm:7.0.0"
  languageName: unknown
  linkType: soft

"scheduler@npm:^0.23.0":
  version: 0.23.0
  resolution: "scheduler@npm:0.23.0"
  dependencies:
    loose-envify: "npm:^1.1.0"
  checksum: f4022b95cdc282668643da4850f55fe70c899aa956d11819f196e2ca892271bdb253613e53997852094f9351f7c72d057eea8b28d9b4bcb93bcb1c6d09985c82
  languageName: node
  linkType: hard

"strtok3@npm:7.0.0":
  version: 7.0.0
  resolution: "strtok3@npm:7.0.0"
  dependencies:
    "@tokenizer/token": "npm:^0.3.0"
    peek-readable: "npm:^5.0.0"
  checksum: 0d3b800599678de1dae6eb103a850080564c31d48222c155aafa51dff05431fdb9f1863b48c094ec39c5b63245f03427a4ab1ad783c8903df44eae4c9c7badf0
  languageName: node
  linkType: hard
