# This file is generated by running "yarn install" inside your project.
# Manual changes might be lost - proceed with caution!

__metadata:
  version: 6
  cacheKey: 8

"@tokenizer/token@npm:^0.3.0":
  version: 0.3.0
  resolution: "@tokenizer/token@npm:0.3.0"
  checksum: 1d575d02d2a9f0c5a4ca5180635ebd2ad59e0f18b42a65f3d04844148b49b3db35cf00b6012a1af2d59c2ab3caca59451c5689f747ba8667ee586ad717ee58e1
  languageName: node
  linkType: hard

"@vue/tsconfig@npm:0.1.3":
  version: 0.1.3
  resolution: "@vue/tsconfig@npm:0.1.3"
  peerDependencies:
    "@types/node": "*"
  peerDependenciesMeta:
    "@types/node":
      optional: true
  checksum: 8150a24497a5348bc342c27afb38ad989de2ce8e94c349020628065d2a8df6837cb8bb3012f9161eea716487832612ac71b5f910d95bac41539ac6021d6bd88d
  languageName: node
  linkType: hard

"d3-array@npm:2 - 3":
  version: 3.2.0
  resolution: "d3-array@npm:3.2.0"
  dependencies:
    internmap: 1 - 2
  checksum: e236f6670b60b64abb6c435da25b5cbbdc2c7c0decdbf9355bc4cf6803d6da4fa820b7b78b9cbd127edb493555934a9788d45084c2f39d7c2e1a2b7aa48264a4
  languageName: node
  linkType: hard

"d3-time@npm:3.0.0":
  version: 3.0.0
  resolution: "d3-time@npm:3.0.0"
  dependencies:
    d3-array: 2 - 3
  checksum: 01646568ef01682550b7ee9f32394e4eb116a29515564861958871ed8de8fff02a25cd50dd8c4413921e6d9ecb8c8ce39be3266f655c8c18599fe58bcb253d60
  languageName: node
  linkType: hard

"internmap@npm:1 - 2":
  version: 2.0.3
  resolution: "internmap@npm:2.0.3"
  checksum: 7ca41ec6aba8f0072fc32fa8a023450a9f44503e2d8e403583c55714b25efd6390c38a87161ec456bf42d7bc83aab62eb28f5aef34876b1ac4e60693d5e1d241
  languageName: node
  linkType: hard

"js-tokens@npm:^3.0.0 || ^4.0.0":
  version: 4.0.0
  resolution: "js-tokens@npm:4.0.0"
  checksum: 8a95213a5a77deb6cbe94d86340e8d9ace2b93bc367790b260101d2f36a2eaf4e4e22d9fa9cf459b38af3a32fb4190e638024cf82ec95ef708680e405ea7cc78
  languageName: node
  linkType: hard

"loose-envify@npm:^1.1.0":
  version: 1.4.0
  resolution: "loose-envify@npm:1.4.0"
  dependencies:
    js-tokens: ^3.0.0 || ^4.0.0
  bin:
    loose-envify: cli.js
  checksum: 6517e24e0cad87ec9888f500c5b5947032cdfe6ef65e1c1936a0c48a524b81e65542c9c3edc91c97d5bddc806ee2a985dbc79be89215d613b1de5db6d1cfe6f4
  languageName: node
  linkType: hard

"mime@npm:3.0.0":
  version: 3.0.0
  resolution: "mime@npm:3.0.0"
  bin:
    mime: cli.js
  checksum: f43f9b7bfa64534e6b05bd6062961681aeb406a5b53673b53b683f27fcc4e739989941836a355eef831f4478923651ecc739f4a5f6e20a76487b432bfd4db928
  languageName: node
  linkType: hard

"peek-readable@npm:^5.0.0":
  version: 5.0.0
  resolution: "peek-readable@npm:5.0.0"
  checksum: bef5ceb50586eb42e14efba274ac57ffe97f0ed272df9239ce029f688f495d9bf74b2886fa27847c706a9db33acda4b7d23bbd09a2d21eb4c2a54da915117414
  languageName: node
  linkType: hard

"react-dom@npm:18.2.0":
  version: 18.2.0
  resolution: "react-dom@npm:18.2.0"
  dependencies:
    loose-envify: ^1.1.0
    scheduler: ^0.23.0
  peerDependencies:
    react: ^18.2.0
  checksum: 7d323310bea3a91be2965f9468d552f201b1c27891e45ddc2d6b8f717680c95a75ae0bc1e3f5cf41472446a2589a75aed4483aee8169287909fcd59ad149e8cc
  languageName: node
  linkType: hard

"react@npm:18.2.0":
  version: 18.2.0
  resolution: "react@npm:18.2.0"
  dependencies:
    loose-envify: ^1.1.0
  checksum: 88e38092da8839b830cda6feef2e8505dec8ace60579e46aa5490fc3dc9bba0bd50336507dc166f43e3afc1c42939c09fe33b25fae889d6f402721dcd78fca1b
  languageName: node
  linkType: hard

"root-workspace-0b6124@workspace:.":
  version: 0.0.0-use.local
  resolution: "root-workspace-0b6124@workspace:."
  dependencies:
    "@vue/tsconfig": 0.1.3
    d3-time: 3.0.0
    mime: 3.0.0
    react: 18.2.0
    react-dom: 18.2.0
    strtok3: 7.0.0
  languageName: unknown
  linkType: soft

"scheduler@npm:^0.23.0":
  version: 0.23.0
  resolution: "scheduler@npm:0.23.0"
  dependencies:
    loose-envify: ^1.1.0
  checksum: d79192eeaa12abef860c195ea45d37cbf2bbf5f66e3c4dcd16f54a7da53b17788a70d109ee3d3dde1a0fd50e6a8fc171f4300356c5aee4fc0171de526bf35f8a
  languageName: node
  linkType: hard

"strtok3@npm:7.0.0":
  version: 7.0.0
  resolution: "strtok3@npm:7.0.0"
  dependencies:
    "@tokenizer/token": ^0.3.0
    peek-readable: ^5.0.0
  checksum: 2ebe7ad8f2aea611dec6742cf6a42e82764892a362907f7ce493faf334501bf981ce21c828dcc300457e6d460dc9c34d644ededb3b01dcb9e37559203cf1748c
  languageName: node
  linkType: hard
