{
  "name": "lib",
  "lockfileVersion": 2,
  "requires": true,
  "packages": {
    "": {
      "dependencies": {
        "@types/node": "14.0.13",
        "typescript": "4.4.2"
      }
    },
    "node_modules/@types/node": {
      "version": "14.0.13",
      "resolved": "https://registry.npmjs.org/@types/node/-/node-14.0.13.tgz",
      "integrity": "sha512-rouEWBImiRaSJsVA+ITTFM6ZxibuAlTuNOCyxVbwreu6k6+ujs7DfnU9o+PShFhET78pMBl3eH+AGSI5eOTkPA=="
    },
    "node_modules/typescript": {
      "version": "4.4.2",
      "resolved": "https://registry.npmjs.org/typescript/-/typescript-4.4.2.tgz",
      "integrity": "sha512-gzP+t5W4hdy4c+68bfcv0t400HVJMMd2+H9B7gae1nQlBzCqvrXX+6GL/b3GAgyTH966pzrZ70/fRjwAtZksSQ==",
      "bin": {
        "tsc": "bin/tsc",
        "tsserver": "bin/tsserver"
      },
      "engines": {
        "node": ">=4.2.0"
      }
    }
  },
  "dependencies": {
    "@types/node": {
      "version": "14.0.13",
      "resolved": "https://registry.npmjs.org/@types/node/-/node-14.0.13.tgz",
      "integrity": "sha512-rouEWBImiRaSJsVA+ITTFM6ZxibuAlTuNOCyxVbwreu6k6+ujs7DfnU9o+PShFhET78pMBl3eH+AGSI5eOTkPA=="
    },
    "typescript": {
      "version": "4.4.2",
      "resolved": "https://registry.npmjs.org/typescript/-/typescript-4.4.2.tgz",
      "integrity": "sha512-gzP+t5W4hdy4c+68bfcv0t400HVJMMd2+H9B7gae1nQlBzCqvrXX+6GL/b3GAgyTH966pzrZ70/fRjwAtZksSQ=="
    }
  }
}
