{
  "name": "compat-table",
  "lockfileVersion": 3,
  "requires": true,
  "packages": {
    "": {
      "dependencies": {
        "@mdn/browser-compat-data": "^7.1.20",
        "@types/caniuse-lite": "1.0.1",
        "@types/node": "25.0.2",
        "caniuse-lite": "^1.0.30001754"
      }
    },
    "node_modules/@mdn/browser-compat-data": {
      "version": "7.1.20",
      "resolved": "https://registry.npmjs.org/@mdn/browser-compat-data/-/browser-compat-data-7.1.20.tgz",
      "integrity": "sha512-ICINlHmfC/D1XSeo4vFRILo/ZTcNF5GSqht6G1vFECqfzJijuRDSr4b+TrvIJpGDjsu7FchP5Ffx4+03WlUe3g=="
    },
    "node_modules/@types/caniuse-lite": {
      "version": "1.0.1",
      "resolved": "https://registry.npmjs.org/@types/caniuse-lite/-/caniuse-lite-1.0.1.tgz",
      "integrity": "sha512-enW8d/vdojHAhr1C/0BqsNkhz/0ik2WCuAJIp9EClP+mHkR8xXBJ2OGeXHZ6cPqDjVKvWBRe9tY/Nr9r4yQSuA=="
    },
    "node_modules/@types/node": {
      "version": "25.0.2",
      "resolved": "https://registry.npmjs.org/@types/node/-/node-25.0.2.tgz",
      "integrity": "sha512-gWEkeiyYE4vqjON/+Obqcoeffmk0NF15WSBwSs7zwVA2bAbTaE0SJ7P0WNGoJn8uE7fiaV5a7dKYIJriEqOrmA==",
      "dependencies": {
        "undici-types": "~7.16.0"
      }
    },
    "node_modules/caniuse-lite": {
      "version": "1.0.30001754",
      "resolved": "https://registry.npmjs.org/caniuse-lite/-/caniuse-lite-1.0.30001754.tgz",
      "integrity": "sha512-x6OeBXueoAceOmotzx3PO4Zpt4rzpeIFsSr6AAePTZxSkXiYDUmpypEl7e2+8NCd9bD7bXjqyef8CJYPC1jfxg==",
      "funding": [
        {
          "type": "opencollective",
          "url": "https://opencollective.com/browserslist"
        },
        {
          "type": "tidelift",
          "url": "https://tidelift.com/funding/github/npm/caniuse-lite"
        },
        {
          "type": "github",
          "url": "https://github.com/sponsors/ai"
        }
      ]
    },
    "node_modules/undici-types": {
      "version": "7.16.0",
      "resolved": "https://registry.npmjs.org/undici-types/-/undici-types-7.16.0.tgz",
      "integrity": "sha512-Zz+aZWSj8LE6zoxD+xrjh4VfkIG8Ya6LvYkZqtUQGJPZjYl53ypCaUwWqo7eI0x66KBGeRo+mlBEkMSeSZ38Nw=="
    }
  }
}
