{
  "name": "compat-table",
  "lockfileVersion": 3,
  "requires": true,
  "packages": {
    "": {
      "dependencies": {
        "@mdn/browser-compat-data": "5.3.21",
        "@types/caniuse-lite": "1.0.1",
        "@types/node": "20.3.2",
        "caniuse-lite": "1.0.30001546"
      }
    },
    "node_modules/@mdn/browser-compat-data": {
      "version": "5.3.21",
      "resolved": "https://registry.npmjs.org/@mdn/browser-compat-data/-/browser-compat-data-5.3.21.tgz",
      "integrity": "sha512-0MTNMfRvhzksN+XOtXikglAzXIiMQW1JzOZxOz0ymL7LFxX5orVdg8zrlLkgF/3s55Zb7xRadFs15LxpgtD36g=="
    },
    "node_modules/@types/caniuse-lite": {
      "version": "1.0.1",
      "resolved": "https://registry.npmjs.org/@types/caniuse-lite/-/caniuse-lite-1.0.1.tgz",
      "integrity": "sha512-enW8d/vdojHAhr1C/0BqsNkhz/0ik2WCuAJIp9EClP+mHkR8xXBJ2OGeXHZ6cPqDjVKvWBRe9tY/Nr9r4yQSuA=="
    },
    "node_modules/@types/node": {
      "version": "20.3.2",
      "resolved": "https://registry.npmjs.org/@types/node/-/node-20.3.2.tgz",
      "integrity": "sha512-vOBLVQeCQfIcF/2Y7eKFTqrMnizK5lRNQ7ykML/5RuwVXVWxYkgwS7xbt4B6fKCUPgbSL5FSsjHQpaGQP/dQmw=="
    },
    "node_modules/caniuse-lite": {
      "version": "1.0.30001546",
      "resolved": "https://registry.npmjs.org/caniuse-lite/-/caniuse-lite-1.0.30001546.tgz",
      "integrity": "sha512-zvtSJwuQFpewSyRrI3AsftF6rM0X80mZkChIt1spBGEvRglCrjTniXvinc8JKRoqTwXAgvqTImaN9igfSMtUBw==",
      "funding": [
        {
          "type": "opencollective",
          "url": "https://opencollective.com/browserslist"
        },
        {
          "type": "tidelift",
          "url": "https://tidelift.com/funding/github/npm/caniuse-lite"
        },
        {
          "type": "github",
          "url": "https://github.com/sponsors/ai"
        }
      ]
    }
  }
}
