{
  "name": "compat-table",
  "lockfileVersion": 2,
  "requires": true,
  "packages": {
    "": {
      "dependencies": {
        "@types/caniuse-lite": "1.0.1",
        "@types/node": "20.3.2",
        "caniuse-lite": "1.0.30001508"
      }
    },
    "node_modules/@types/caniuse-lite": {
      "version": "1.0.1",
      "resolved": "https://registry.npmjs.org/@types/caniuse-lite/-/caniuse-lite-1.0.1.tgz",
      "integrity": "sha512-enW8d/vdojHAhr1C/0BqsNkhz/0ik2WCuAJIp9EClP+mHkR8xXBJ2OGeXHZ6cPqDjVKvWBRe9tY/Nr9r4yQSuA=="
    },
    "node_modules/@types/node": {
      "version": "20.3.2",
      "resolved": "https://registry.npmjs.org/@types/node/-/node-20.3.2.tgz",
      "integrity": "sha512-vOBLVQeCQfIcF/2Y7eKFTqrMnizK5lRNQ7ykML/5RuwVXVWxYkgwS7xbt4B6fKCUPgbSL5FSsjHQpaGQP/dQmw=="
    },
    "node_modules/caniuse-lite": {
      "version": "1.0.30001508",
      "resolved": "https://registry.npmjs.org/caniuse-lite/-/caniuse-lite-1.0.30001508.tgz",
      "integrity": "sha512-sdQZOJdmt3GJs1UMNpCCCyeuS2IEGLXnHyAo9yIO5JJDjbjoVRij4M1qep6P6gFpptD1PqIYgzM+gwJbOi92mw==",
      "funding": [
        {
          "type": "opencollective",
          "url": "https://opencollective.com/browserslist"
        },
        {
          "type": "tidelift",
          "url": "https://tidelift.com/funding/github/npm/caniuse-lite"
        },
        {
          "type": "github",
          "url": "https://github.com/sponsors/ai"
        }
      ]
    }
  },
  "dependencies": {
    "@types/caniuse-lite": {
      "version": "1.0.1",
      "resolved": "https://registry.npmjs.org/@types/caniuse-lite/-/caniuse-lite-1.0.1.tgz",
      "integrity": "sha512-enW8d/vdojHAhr1C/0BqsNkhz/0ik2WCuAJIp9EClP+mHkR8xXBJ2OGeXHZ6cPqDjVKvWBRe9tY/Nr9r4yQSuA=="
    },
    "@types/node": {
      "version": "20.3.2",
      "resolved": "https://registry.npmjs.org/@types/node/-/node-20.3.2.tgz",
      "integrity": "sha512-vOBLVQeCQfIcF/2Y7eKFTqrMnizK5lRNQ7ykML/5RuwVXVWxYkgwS7xbt4B6fKCUPgbSL5FSsjHQpaGQP/dQmw=="
    },
    "caniuse-lite": {
      "version": "1.0.30001508",
      "resolved": "https://registry.npmjs.org/caniuse-lite/-/caniuse-lite-1.0.30001508.tgz",
      "integrity": "sha512-sdQZOJdmt3GJs1UMNpCCCyeuS2IEGLXnHyAo9yIO5JJDjbjoVRij4M1qep6P6gFpptD1PqIYgzM+gwJbOi92mw=="
    }
  }
}
